
Microsoft Visual Studio Solution File, Format Version 12.00
# Visual Studio Version 17
VisualStudioVersion = 17.5.33209.295
MinimumVisualStudioVersion = 10.0.40219.1
Project("{FAE04EC0-301F-11D3-BF4B-00C04F79EFBC}") = "Teltek_Label_Error_Report", "Teltek_Label_Error_Report\Teltek_Label_Error_Report.csproj", "{CD3BE1CA-1CB7-4864-8365-2F50053B3CD1}"
EndProject
Global
	GlobalSection(SolutionConfigurationPlatforms) = preSolution
		Debug|Any CPU = Debug|Any CPU
		Release|Any CPU = Release|Any CPU
	EndGlobalSection
	GlobalSection(ProjectConfigurationPlatforms) = postSolution
		{CD3BE1CA-1CB7-4864-8365-2F50053B3CD1}.Debug|Any CPU.ActiveCfg = Debug|Any CPU
		{CD3BE1CA-1CB7-4864-8365-2F50053B3CD1}.Debug|Any CPU.Build.0 = Debug|Any CPU
		{CD3BE1CA-1CB7-4864-8365-2F50053B3CD1}.Release|Any CPU.ActiveCfg = Release|Any CPU
		{CD3BE1CA-1CB7-4864-8365-2F50053B3CD1}.Release|Any CPU.Build.0 = Release|Any CPU
	EndGlobalSection
	GlobalSection(SolutionProperties) = preSolution
		HideSolutionNode = FALSE
	EndGlobalSection
	GlobalSection(ExtensibilityGlobals) = postSolution
		SolutionGuid = {1A50A4B2-289E-43D7-840F-20F344B50255}
	EndGlobalSection
EndGlobal
